
Microsoft Visual Studio Solution File, Format Version 12.00
# Visual Studio Version 16
VisualStudioVersion = 16.0.29613.14
MinimumVisualStudioVersion = 10.0.40219.1
Project("{FAE04EC0-301F-11D3-BF4B-00C04F79EFBC}") = "ProyectoRubioApiClickyCrates", "ProyectoRubioApiClickyCrates\ProyectoRubioApiClickyCrates.csproj", "{52F60B4C-CA0C-492F-B602-34E7BE543C51}"
EndProject
Global
	GlobalSection(SolutionConfigurationPlatforms) = preSolution
		Debug|Any CPU = Debug|Any CPU
		Release|Any CPU = Release|Any CPU
	EndGlobalSection
	GlobalSection(ProjectConfigurationPlatforms) = postSolution
		{52F60B4C-CA0C-492F-B602-34E7BE543C51}.Debug|Any CPU.ActiveCfg = Debug|Any CPU
		{52F60B4C-CA0C-492F-B602-34E7BE543C51}.Debug|Any CPU.Build.0 = Debug|Any CPU
		{52F60B4C-CA0C-492F-B602-34E7BE543C51}.Release|Any CPU.ActiveCfg = Release|Any CPU
		{52F60B4C-CA0C-492F-B602-34E7BE543C51}.Release|Any CPU.Build.0 = Release|Any CPU
	EndGlobalSection
	GlobalSection(SolutionProperties) = preSolution
		HideSolutionNode = FALSE
	EndGlobalSection
	GlobalSection(ExtensibilityGlobals) = postSolution
		SolutionGuid = {BA1D9796-0C83-4947-ADF1-D0F44337B5D5}
	EndGlobalSection
EndGlobal
